
Microsoft Visual Studio Solution File, Format Version 12.00
# Visual Studio 15
VisualStudioVersion = 15.0.28307.539
MinimumVisualStudioVersion = 10.0.40219.1
Project("{FAE04EC0-301F-11D3-BF4B-00C04F79EFBC}") = "ExercicioEnumeracaoeComposicao", "ExercicioEnumeracaoeComposicao\ExercicioEnumeracaoeComposicao.csproj", "{9B95CFF7-59A2-41CA-9030-B2E9C4B6D24B}"
EndProject
Global
	GlobalSection(SolutionConfigurationPlatforms) = preSolution
		Debug|Any CPU = Debug|Any CPU
		Release|Any CPU = Release|Any CPU
	EndGlobalSection
	GlobalSection(ProjectConfigurationPlatforms) = postSolution
		{9B95CFF7-59A2-41CA-9030-B2E9C4B6D24B}.Debug|Any CPU.ActiveCfg = Debug|Any CPU
		{9B95CFF7-59A2-41CA-9030-B2E9C4B6D24B}.Debug|Any CPU.Build.0 = Debug|Any CPU
		{9B95CFF7-59A2-41CA-9030-B2E9C4B6D24B}.Release|Any CPU.ActiveCfg = Release|Any CPU
		{9B95CFF7-59A2-41CA-9030-B2E9C4B6D24B}.Release|Any CPU.Build.0 = Release|Any CPU
	EndGlobalSection
	GlobalSection(SolutionProperties) = preSolution
		HideSolutionNode = FALSE
	EndGlobalSection
	GlobalSection(ExtensibilityGlobals) = postSolution
		SolutionGuid = {33C781F9-23FF-4E6B-9850-D0D4BD337E91}
	EndGlobalSection
EndGlobal
